
Microsoft Visual Studio Solution File, Format Version 12.00
# Visual Studio Version 17
VisualStudioVersion = 17.11.35327.3
MinimumVisualStudioVersion = 10.0.40219.1
Project("{FAE04EC0-301F-11D3-BF4B-00C04F79EFBC}") = "Anlagestrategie_IDPA", "Anlagestrategie_IDPA\Anlagestrategie_IDPA.csproj", "{C603E3C9-6960-48CC-A89F-3653433E2F4A}"
EndProject
Global
	GlobalSection(SolutionConfigurationPlatforms) = preSolution
		Debug|Any CPU = Debug|Any CPU
		Release|Any CPU = Release|Any CPU
	EndGlobalSection
	GlobalSection(ProjectConfigurationPlatforms) = postSolution
		{C603E3C9-6960-48CC-A89F-3653433E2F4A}.Debug|Any CPU.ActiveCfg = Debug|Any CPU
		{C603E3C9-6960-48CC-A89F-3653433E2F4A}.Debug|Any CPU.Build.0 = Debug|Any CPU
		{C603E3C9-6960-48CC-A89F-3653433E2F4A}.Release|Any CPU.ActiveCfg = Release|Any CPU
		{C603E3C9-6960-48CC-A89F-3653433E2F4A}.Release|Any CPU.Build.0 = Release|Any CPU
	EndGlobalSection
	GlobalSection(SolutionProperties) = preSolution
		HideSolutionNode = FALSE
	EndGlobalSection
	GlobalSection(ExtensibilityGlobals) = postSolution
		SolutionGuid = {75C375A1-1CDB-48D2-84CD-6056D66D9AEC}
	EndGlobalSection
EndGlobal
